
Microsoft Visual Studio Solution File, Format Version 12.00
# Visual Studio 15
VisualStudioVersion = 15.0.27428.2015
MinimumVisualStudioVersion = 10.0.40219.1
Project("{2150E333-8FDC-42A3-9474-1A3956D46DE8}") = "doc", "doc", "{C0909AF5-C80F-4ED9-B2B0-4B2E99A04F5F}"
	ProjectSection(SolutionItems) = preProject
		README.md = README.md
	EndProjectSection
EndProject
Project("{8BC9CEB8-8B4A-11D0-8D11-00A0C91BC942}") = "VectorAdd", "VectorAdd\proj\VectorAdd.vcxproj", "{5271357C-CC08-4EEE-B29B-DA33ABFCAEFF}"
EndProject
Project("{8BC9CEB8-8B4A-11D0-8D11-00A0C91BC942}") = "AtomicFunc", "AtomicFunc\proj\AtomicFunc.vcxproj", "{3D899376-7883-4ECB-B266-32F959F5ECDF}"
EndProject
Project("{8BC9CEB8-8B4A-11D0-8D11-00A0C91BC942}") = "ClockFunc", "ClockFunc\proj\ClockFunc.vcxproj", "{FDAF33D8-0971-4EBD-87BA-C2688247FD80}"
EndProject
Project("{8BC9CEB8-8B4A-11D0-8D11-00A0C91BC942}") = "InlineAsm", "InlineAsm\proj\InlineAsm.vcxproj", "{A83637C1-B96D-493F-AAC1-012F34CF0D42}"
EndProject
Project("{8BC9CEB8-8B4A-11D0-8D11-00A0C91BC942}") = "DeviceInfo", "DeviceInfo\proj\DeviceInfo.vcxproj", "{44D09E9D-8EFD-41AA-8319-D9F45DEF3728}"
EndProject
Project("{8BC9CEB8-8B4A-11D0-8D11-00A0C91BC942}") = "MemBandwidth", "MemBandwidth\proj\MemBandwidth.vcxproj", "{0F4511D2-917C-4165-B26D-688F2692096E}"
EndProject
Project("{8BC9CEB8-8B4A-11D0-8D11-00A0C91BC942}") = "ShuffleFunc", "ShuffleFunc\proj\ShuffleFunc.vcxproj", "{533D0B18-9DD0-4B2E-AC5C-023D22939999}"
EndProject
Project("{8BC9CEB8-8B4A-11D0-8D11-00A0C91BC942}") = "VoteFunc", "VoteFunc\proj\VoteFunc.vcxproj", "{C8CD46F2-E5C5-467E-A68C-09BB692244E2}"
EndProject
Project("{8BC9CEB8-8B4A-11D0-8D11-00A0C91BC942}") = "SmemInstr", "SmemInstr\proj\SmemInstr.vcxproj", "{F9869910-2BED-4D87-81FC-0A1380DD6D22}"
EndProject
Project("{8BC9CEB8-8B4A-11D0-8D11-00A0C91BC942}") = "FlatInstr", "FlatInstr\proj\FlatInstr.vcxproj", "{F48954FC-BC82-4637-A41D-EB8A9C6419A6}"
EndProject
Global
	GlobalSection(SolutionConfigurationPlatforms) = preSolution
		Debug|ARM = Debug|ARM
		Debug|x64 = Debug|x64
		Debug|x86 = Debug|x86
		Release|ARM = Release|ARM
		Release|x64 = Release|x64
		Release|x86 = Release|x86
	EndGlobalSection
	GlobalSection(ProjectConfigurationPlatforms) = postSolution
		{5271357C-CC08-4EEE-B29B-DA33ABFCAEFF}.Debug|ARM.ActiveCfg = Debug|ARM
		{5271357C-CC08-4EEE-B29B-DA33ABFCAEFF}.Debug|ARM.Build.0 = Debug|ARM
		{5271357C-CC08-4EEE-B29B-DA33ABFCAEFF}.Debug|x64.ActiveCfg = Debug|x64
		{5271357C-CC08-4EEE-B29B-DA33ABFCAEFF}.Debug|x64.Build.0 = Debug|x64
		{5271357C-CC08-4EEE-B29B-DA33ABFCAEFF}.Debug|x86.ActiveCfg = Debug|x86
		{5271357C-CC08-4EEE-B29B-DA33ABFCAEFF}.Debug|x86.Build.0 = Debug|x86
		{5271357C-CC08-4EEE-B29B-DA33ABFCAEFF}.Release|ARM.ActiveCfg = Release|ARM
		{5271357C-CC08-4EEE-B29B-DA33ABFCAEFF}.Release|ARM.Build.0 = Release|ARM
		{5271357C-CC08-4EEE-B29B-DA33ABFCAEFF}.Release|x64.ActiveCfg = Release|x64
		{5271357C-CC08-4EEE-B29B-DA33ABFCAEFF}.Release|x64.Build.0 = Release|x64
		{5271357C-CC08-4EEE-B29B-DA33ABFCAEFF}.Release|x86.ActiveCfg = Release|x86
		{5271357C-CC08-4EEE-B29B-DA33ABFCAEFF}.Release|x86.Build.0 = Release|x86
		{3D899376-7883-4ECB-B266-32F959F5ECDF}.Debug|ARM.ActiveCfg = Debug|ARM
		{3D899376-7883-4ECB-B266-32F959F5ECDF}.Debug|ARM.Build.0 = Debug|ARM
		{3D899376-7883-4ECB-B266-32F959F5ECDF}.Debug|x64.ActiveCfg = Debug|x64
		{3D899376-7883-4ECB-B266-32F959F5ECDF}.Debug|x64.Build.0 = Debug|x64
		{3D899376-7883-4ECB-B266-32F959F5ECDF}.Debug|x86.ActiveCfg = Debug|x86
		{3D899376-7883-4ECB-B266-32F959F5ECDF}.Debug|x86.Build.0 = Debug|x86
		{3D899376-7883-4ECB-B266-32F959F5ECDF}.Release|ARM.ActiveCfg = Release|ARM
		{3D899376-7883-4ECB-B266-32F959F5ECDF}.Release|ARM.Build.0 = Release|ARM
		{3D899376-7883-4ECB-B266-32F959F5ECDF}.Release|x64.ActiveCfg = Release|x64
		{3D899376-7883-4ECB-B266-32F959F5ECDF}.Release|x64.Build.0 = Release|x64
		{3D899376-7883-4ECB-B266-32F959F5ECDF}.Release|x86.ActiveCfg = Release|x86
		{3D899376-7883-4ECB-B266-32F959F5ECDF}.Release|x86.Build.0 = Release|x86
		{FDAF33D8-0971-4EBD-87BA-C2688247FD80}.Debug|ARM.ActiveCfg = Debug|ARM
		{FDAF33D8-0971-4EBD-87BA-C2688247FD80}.Debug|ARM.Build.0 = Debug|ARM
		{FDAF33D8-0971-4EBD-87BA-C2688247FD80}.Debug|x64.ActiveCfg = Debug|x64
		{FDAF33D8-0971-4EBD-87BA-C2688247FD80}.Debug|x64.Build.0 = Debug|x64
		{FDAF33D8-0971-4EBD-87BA-C2688247FD80}.Debug|x86.ActiveCfg = Debug|x86
		{FDAF33D8-0971-4EBD-87BA-C2688247FD80}.Debug|x86.Build.0 = Debug|x86
		{FDAF33D8-0971-4EBD-87BA-C2688247FD80}.Release|ARM.ActiveCfg = Release|ARM
		{FDAF33D8-0971-4EBD-87BA-C2688247FD80}.Release|ARM.Build.0 = Release|ARM
		{FDAF33D8-0971-4EBD-87BA-C2688247FD80}.Release|x64.ActiveCfg = Release|x64
		{FDAF33D8-0971-4EBD-87BA-C2688247FD80}.Release|x64.Build.0 = Release|x64
		{FDAF33D8-0971-4EBD-87BA-C2688247FD80}.Release|x86.ActiveCfg = Release|x86
		{FDAF33D8-0971-4EBD-87BA-C2688247FD80}.Release|x86.Build.0 = Release|x86
		{A83637C1-B96D-493F-AAC1-012F34CF0D42}.Debug|ARM.ActiveCfg = Debug|ARM
		{A83637C1-B96D-493F-AAC1-012F34CF0D42}.Debug|ARM.Build.0 = Debug|ARM
		{A83637C1-B96D-493F-AAC1-012F34CF0D42}.Debug|x64.ActiveCfg = Debug|x64
		{A83637C1-B96D-493F-AAC1-012F34CF0D42}.Debug|x64.Build.0 = Debug|x64
		{A83637C1-B96D-493F-AAC1-012F34CF0D42}.Debug|x86.ActiveCfg = Debug|x86
		{A83637C1-B96D-493F-AAC1-012F34CF0D42}.Debug|x86.Build.0 = Debug|x86
		{A83637C1-B96D-493F-AAC1-012F34CF0D42}.Release|ARM.ActiveCfg = Release|ARM
		{A83637C1-B96D-493F-AAC1-012F34CF0D42}.Release|ARM.Build.0 = Release|ARM
		{A83637C1-B96D-493F-AAC1-012F34CF0D42}.Release|x64.ActiveCfg = Release|x64
		{A83637C1-B96D-493F-AAC1-012F34CF0D42}.Release|x64.Build.0 = Release|x64
		{A83637C1-B96D-493F-AAC1-012F34CF0D42}.Release|x86.ActiveCfg = Release|x86
		{A83637C1-B96D-493F-AAC1-012F34CF0D42}.Release|x86.Build.0 = Release|x86
		{44D09E9D-8EFD-41AA-8319-D9F45DEF3728}.Debug|ARM.ActiveCfg = Debug|ARM
		{44D09E9D-8EFD-41AA-8319-D9F45DEF3728}.Debug|ARM.Build.0 = Debug|ARM
		{44D09E9D-8EFD-41AA-8319-D9F45DEF3728}.Debug|x64.ActiveCfg = Debug|x64
		{44D09E9D-8EFD-41AA-8319-D9F45DEF3728}.Debug|x64.Build.0 = Debug|x64
		{44D09E9D-8EFD-41AA-8319-D9F45DEF3728}.Debug|x86.ActiveCfg = Debug|x86
		{44D09E9D-8EFD-41AA-8319-D9F45DEF3728}.Debug|x86.Build.0 = Debug|x86
		{44D09E9D-8EFD-41AA-8319-D9F45DEF3728}.Release|ARM.ActiveCfg = Release|ARM
		{44D09E9D-8EFD-41AA-8319-D9F45DEF3728}.Release|ARM.Build.0 = Release|ARM
		{44D09E9D-8EFD-41AA-8319-D9F45DEF3728}.Release|x64.ActiveCfg = Release|x64
		{44D09E9D-8EFD-41AA-8319-D9F45DEF3728}.Release|x64.Build.0 = Release|x64
		{44D09E9D-8EFD-41AA-8319-D9F45DEF3728}.Release|x86.ActiveCfg = Release|x86
		{44D09E9D-8EFD-41AA-8319-D9F45DEF3728}.Release|x86.Build.0 = Release|x86
		{0F4511D2-917C-4165-B26D-688F2692096E}.Debug|ARM.ActiveCfg = Debug|ARM
		{0F4511D2-917C-4165-B26D-688F2692096E}.Debug|ARM.Build.0 = Debug|ARM
		{0F4511D2-917C-4165-B26D-688F2692096E}.Debug|x64.ActiveCfg = Debug|x64
		{0F4511D2-917C-4165-B26D-688F2692096E}.Debug|x64.Build.0 = Debug|x64
		{0F4511D2-917C-4165-B26D-688F2692096E}.Debug|x86.ActiveCfg = Debug|x86
		{0F4511D2-917C-4165-B26D-688F2692096E}.Debug|x86.Build.0 = Debug|x86
		{0F4511D2-917C-4165-B26D-688F2692096E}.Release|ARM.ActiveCfg = Release|ARM
		{0F4511D2-917C-4165-B26D-688F2692096E}.Release|ARM.Build.0 = Release|ARM
		{0F4511D2-917C-4165-B26D-688F2692096E}.Release|x64.ActiveCfg = Release|x64
		{0F4511D2-917C-4165-B26D-688F2692096E}.Release|x64.Build.0 = Release|x64
		{0F4511D2-917C-4165-B26D-688F2692096E}.Release|x86.ActiveCfg = Release|x86
		{0F4511D2-917C-4165-B26D-688F2692096E}.Release|x86.Build.0 = Release|x86
		{533D0B18-9DD0-4B2E-AC5C-023D22939999}.Debug|ARM.ActiveCfg = Debug|ARM
		{533D0B18-9DD0-4B2E-AC5C-023D22939999}.Debug|ARM.Build.0 = Debug|ARM
		{533D0B18-9DD0-4B2E-AC5C-023D22939999}.Debug|x64.ActiveCfg = Debug|x64
		{533D0B18-9DD0-4B2E-AC5C-023D22939999}.Debug|x64.Build.0 = Debug|x64
		{533D0B18-9DD0-4B2E-AC5C-023D22939999}.Debug|x86.ActiveCfg = Debug|x86
		{533D0B18-9DD0-4B2E-AC5C-023D22939999}.Debug|x86.Build.0 = Debug|x86
		{533D0B18-9DD0-4B2E-AC5C-023D22939999}.Release|ARM.ActiveCfg = Release|ARM
		{533D0B18-9DD0-4B2E-AC5C-023D22939999}.Release|ARM.Build.0 = Release|ARM
		{533D0B18-9DD0-4B2E-AC5C-023D22939999}.Release|x64.ActiveCfg = Release|x64
		{533D0B18-9DD0-4B2E-AC5C-023D22939999}.Release|x64.Build.0 = Release|x64
		{533D0B18-9DD0-4B2E-AC5C-023D22939999}.Release|x86.ActiveCfg = Release|x86
		{533D0B18-9DD0-4B2E-AC5C-023D22939999}.Release|x86.Build.0 = Release|x86
		{C8CD46F2-E5C5-467E-A68C-09BB692244E2}.Debug|ARM.ActiveCfg = Debug|ARM
		{C8CD46F2-E5C5-467E-A68C-09BB692244E2}.Debug|ARM.Build.0 = Debug|ARM
		{C8CD46F2-E5C5-467E-A68C-09BB692244E2}.Debug|x64.ActiveCfg = Debug|x64
		{C8CD46F2-E5C5-467E-A68C-09BB692244E2}.Debug|x64.Build.0 = Debug|x64
		{C8CD46F2-E5C5-467E-A68C-09BB692244E2}.Debug|x86.ActiveCfg = Debug|x86
		{C8CD46F2-E5C5-467E-A68C-09BB692244E2}.Debug|x86.Build.0 = Debug|x86
		{C8CD46F2-E5C5-467E-A68C-09BB692244E2}.Release|ARM.ActiveCfg = Release|ARM
		{C8CD46F2-E5C5-467E-A68C-09BB692244E2}.Release|ARM.Build.0 = Release|ARM
		{C8CD46F2-E5C5-467E-A68C-09BB692244E2}.Release|x64.ActiveCfg = Release|x64
		{C8CD46F2-E5C5-467E-A68C-09BB692244E2}.Release|x64.Build.0 = Release|x64
		{C8CD46F2-E5C5-467E-A68C-09BB692244E2}.Release|x86.ActiveCfg = Release|x86
		{C8CD46F2-E5C5-467E-A68C-09BB692244E2}.Release|x86.Build.0 = Release|x86
		{F9869910-2BED-4D87-81FC-0A1380DD6D22}.Debug|ARM.ActiveCfg = Debug|ARM
		{F9869910-2BED-4D87-81FC-0A1380DD6D22}.Debug|ARM.Build.0 = Debug|ARM
		{F9869910-2BED-4D87-81FC-0A1380DD6D22}.Debug|x64.ActiveCfg = Debug|x64
		{F9869910-2BED-4D87-81FC-0A1380DD6D22}.Debug|x64.Build.0 = Debug|x64
		{F9869910-2BED-4D87-81FC-0A1380DD6D22}.Debug|x86.ActiveCfg = Debug|x86
		{F9869910-2BED-4D87-81FC-0A1380DD6D22}.Debug|x86.Build.0 = Debug|x86
		{F9869910-2BED-4D87-81FC-0A1380DD6D22}.Release|ARM.ActiveCfg = Release|ARM
		{F9869910-2BED-4D87-81FC-0A1380DD6D22}.Release|ARM.Build.0 = Release|ARM
		{F9869910-2BED-4D87-81FC-0A1380DD6D22}.Release|x64.ActiveCfg = Release|x64
		{F9869910-2BED-4D87-81FC-0A1380DD6D22}.Release|x64.Build.0 = Release|x64
		{F9869910-2BED-4D87-81FC-0A1380DD6D22}.Release|x86.ActiveCfg = Release|x86
		{F9869910-2BED-4D87-81FC-0A1380DD6D22}.Release|x86.Build.0 = Release|x86
		{F48954FC-BC82-4637-A41D-EB8A9C6419A6}.Debug|ARM.ActiveCfg = Debug|ARM
		{F48954FC-BC82-4637-A41D-EB8A9C6419A6}.Debug|ARM.Build.0 = Debug|ARM
		{F48954FC-BC82-4637-A41D-EB8A9C6419A6}.Debug|x64.ActiveCfg = Debug|x64
		{F48954FC-BC82-4637-A41D-EB8A9C6419A6}.Debug|x64.Build.0 = Debug|x64
		{F48954FC-BC82-4637-A41D-EB8A9C6419A6}.Debug|x86.ActiveCfg = Debug|x86
		{F48954FC-BC82-4637-A41D-EB8A9C6419A6}.Debug|x86.Build.0 = Debug|x86
		{F48954FC-BC82-4637-A41D-EB8A9C6419A6}.Release|ARM.ActiveCfg = Release|ARM
		{F48954FC-BC82-4637-A41D-EB8A9C6419A6}.Release|ARM.Build.0 = Release|ARM
		{F48954FC-BC82-4637-A41D-EB8A9C6419A6}.Release|x64.ActiveCfg = Release|x64
		{F48954FC-BC82-4637-A41D-EB8A9C6419A6}.Release|x64.Build.0 = Release|x64
		{F48954FC-BC82-4637-A41D-EB8A9C6419A6}.Release|x86.ActiveCfg = Release|x86
		{F48954FC-BC82-4637-A41D-EB8A9C6419A6}.Release|x86.Build.0 = Release|x86
	EndGlobalSection
	GlobalSection(SolutionProperties) = preSolution
		HideSolutionNode = FALSE
	EndGlobalSection
	GlobalSection(ExtensibilityGlobals) = postSolution
		SolutionGuid = {00E5126C-48E4-4821-A232-0C41D1DAC91A}
	EndGlobalSection
EndGlobal
