
Microsoft Visual Studio Solution File, Format Version 12.00
# Visual Studio 15
VisualStudioVersion = 15.0.27428.2015
MinimumVisualStudioVersion = 10.0.40219.1
Project("{2150E333-8FDC-42A3-9474-1A3956D46DE8}") = "doc", "doc", "{C0909AF5-C80F-4ED9-B2B0-4B2E99A04F5F}"
EndProject
Project("{8BC9CEB8-8B4A-11D0-8D11-00A0C91BC942}") = "VectorAdd", "VectorAdd\VectorAdd.vcxproj", "{5271357C-CC08-4EEE-B29B-DA33ABFCAEFF}"
EndProject
Project("{8BC9CEB8-8B4A-11D0-8D11-00A0C91BC942}") = "DeviceInfo", "DeviceInfo\DeviceInfo.vcxproj", "{44D09E9D-8EFD-41AA-8319-D9F45DEF3728}"
EndProject
Project("{8BC9CEB8-8B4A-11D0-8D11-00A0C91BC942}") = "MemBandwidth", "MemBandwidth\MemBandwidth.vcxproj", "{0F4511D2-917C-4165-B26D-688F2692096E}"
EndProject
Project("{8BC9CEB8-8B4A-11D0-8D11-00A0C91BC942}") = "AtomicFunc", "AtomicFunc\AtomicFunc.vcxproj", "{3D899376-7883-4ECB-B266-32F959F5ECDF}"
EndProject
Project("{8BC9CEB8-8B4A-11D0-8D11-00A0C91BC942}") = "ShuffleFunc", "ShuffleFunc\ShuffleFunc.vcxproj", "{533D0B18-9DD0-4B2E-AC5C-023D22939999}"
EndProject
Global
	GlobalSection(SolutionConfigurationPlatforms) = preSolution
		Debug|ARM = Debug|ARM
		Debug|x64 = Debug|x64
		Debug|x86 = Debug|x86
		Release|ARM = Release|ARM
		Release|x64 = Release|x64
		Release|x86 = Release|x86
	EndGlobalSection
	GlobalSection(ProjectConfigurationPlatforms) = postSolution
		{5271357C-CC08-4EEE-B29B-DA33ABFCAEFF}.Debug|ARM.ActiveCfg = Debug|ARM
		{5271357C-CC08-4EEE-B29B-DA33ABFCAEFF}.Debug|ARM.Build.0 = Debug|ARM
		{5271357C-CC08-4EEE-B29B-DA33ABFCAEFF}.Debug|x64.ActiveCfg = Debug|x64
		{5271357C-CC08-4EEE-B29B-DA33ABFCAEFF}.Debug|x64.Build.0 = Debug|x64
		{5271357C-CC08-4EEE-B29B-DA33ABFCAEFF}.Debug|x86.ActiveCfg = Debug|x86
		{5271357C-CC08-4EEE-B29B-DA33ABFCAEFF}.Debug|x86.Build.0 = Debug|x86
		{5271357C-CC08-4EEE-B29B-DA33ABFCAEFF}.Release|ARM.ActiveCfg = Release|ARM
		{5271357C-CC08-4EEE-B29B-DA33ABFCAEFF}.Release|ARM.Build.0 = Release|ARM
		{5271357C-CC08-4EEE-B29B-DA33ABFCAEFF}.Release|x64.ActiveCfg = Release|x64
		{5271357C-CC08-4EEE-B29B-DA33ABFCAEFF}.Release|x64.Build.0 = Release|x64
		{5271357C-CC08-4EEE-B29B-DA33ABFCAEFF}.Release|x86.ActiveCfg = Release|x86
		{5271357C-CC08-4EEE-B29B-DA33ABFCAEFF}.Release|x86.Build.0 = Release|x86
		{44D09E9D-8EFD-41AA-8319-D9F45DEF3728}.Debug|ARM.ActiveCfg = Debug|ARM
		{44D09E9D-8EFD-41AA-8319-D9F45DEF3728}.Debug|ARM.Build.0 = Debug|ARM
		{44D09E9D-8EFD-41AA-8319-D9F45DEF3728}.Debug|x64.ActiveCfg = Debug|x64
		{44D09E9D-8EFD-41AA-8319-D9F45DEF3728}.Debug|x64.Build.0 = Debug|x64
		{44D09E9D-8EFD-41AA-8319-D9F45DEF3728}.Debug|x86.ActiveCfg = Debug|x86
		{44D09E9D-8EFD-41AA-8319-D9F45DEF3728}.Debug|x86.Build.0 = Debug|x86
		{44D09E9D-8EFD-41AA-8319-D9F45DEF3728}.Release|ARM.ActiveCfg = Release|ARM
		{44D09E9D-8EFD-41AA-8319-D9F45DEF3728}.Release|ARM.Build.0 = Release|ARM
		{44D09E9D-8EFD-41AA-8319-D9F45DEF3728}.Release|x64.ActiveCfg = Release|x64
		{44D09E9D-8EFD-41AA-8319-D9F45DEF3728}.Release|x64.Build.0 = Release|x64
		{44D09E9D-8EFD-41AA-8319-D9F45DEF3728}.Release|x86.ActiveCfg = Release|x86
		{44D09E9D-8EFD-41AA-8319-D9F45DEF3728}.Release|x86.Build.0 = Release|x86
		{0F4511D2-917C-4165-B26D-688F2692096E}.Debug|ARM.ActiveCfg = Debug|ARM
		{0F4511D2-917C-4165-B26D-688F2692096E}.Debug|ARM.Build.0 = Debug|ARM
		{0F4511D2-917C-4165-B26D-688F2692096E}.Debug|x64.ActiveCfg = Debug|x64
		{0F4511D2-917C-4165-B26D-688F2692096E}.Debug|x64.Build.0 = Debug|x64
		{0F4511D2-917C-4165-B26D-688F2692096E}.Debug|x86.ActiveCfg = Debug|x86
		{0F4511D2-917C-4165-B26D-688F2692096E}.Debug|x86.Build.0 = Debug|x86
		{0F4511D2-917C-4165-B26D-688F2692096E}.Release|ARM.ActiveCfg = Release|ARM
		{0F4511D2-917C-4165-B26D-688F2692096E}.Release|ARM.Build.0 = Release|ARM
		{0F4511D2-917C-4165-B26D-688F2692096E}.Release|x64.ActiveCfg = Release|x64
		{0F4511D2-917C-4165-B26D-688F2692096E}.Release|x64.Build.0 = Release|x64
		{0F4511D2-917C-4165-B26D-688F2692096E}.Release|x86.ActiveCfg = Release|x86
		{0F4511D2-917C-4165-B26D-688F2692096E}.Release|x86.Build.0 = Release|x86
		{3D899376-7883-4ECB-B266-32F959F5ECDF}.Debug|ARM.ActiveCfg = Debug|ARM
		{3D899376-7883-4ECB-B266-32F959F5ECDF}.Debug|ARM.Build.0 = Debug|ARM
		{3D899376-7883-4ECB-B266-32F959F5ECDF}.Debug|x64.ActiveCfg = Debug|x64
		{3D899376-7883-4ECB-B266-32F959F5ECDF}.Debug|x64.Build.0 = Debug|x64
		{3D899376-7883-4ECB-B266-32F959F5ECDF}.Debug|x86.ActiveCfg = Debug|x86
		{3D899376-7883-4ECB-B266-32F959F5ECDF}.Debug|x86.Build.0 = Debug|x86
		{3D899376-7883-4ECB-B266-32F959F5ECDF}.Release|ARM.ActiveCfg = Release|ARM
		{3D899376-7883-4ECB-B266-32F959F5ECDF}.Release|ARM.Build.0 = Release|ARM
		{3D899376-7883-4ECB-B266-32F959F5ECDF}.Release|x64.ActiveCfg = Release|x64
		{3D899376-7883-4ECB-B266-32F959F5ECDF}.Release|x64.Build.0 = Release|x64
		{3D899376-7883-4ECB-B266-32F959F5ECDF}.Release|x86.ActiveCfg = Release|x86
		{3D899376-7883-4ECB-B266-32F959F5ECDF}.Release|x86.Build.0 = Release|x86
		{533D0B18-9DD0-4B2E-AC5C-023D22939999}.Debug|ARM.ActiveCfg = Debug|ARM
		{533D0B18-9DD0-4B2E-AC5C-023D22939999}.Debug|ARM.Build.0 = Debug|ARM
		{533D0B18-9DD0-4B2E-AC5C-023D22939999}.Debug|x64.ActiveCfg = Debug|x64
		{533D0B18-9DD0-4B2E-AC5C-023D22939999}.Debug|x64.Build.0 = Debug|x64
		{533D0B18-9DD0-4B2E-AC5C-023D22939999}.Debug|x86.ActiveCfg = Debug|x86
		{533D0B18-9DD0-4B2E-AC5C-023D22939999}.Debug|x86.Build.0 = Debug|x86
		{533D0B18-9DD0-4B2E-AC5C-023D22939999}.Release|ARM.ActiveCfg = Release|ARM
		{533D0B18-9DD0-4B2E-AC5C-023D22939999}.Release|ARM.Build.0 = Release|ARM
		{533D0B18-9DD0-4B2E-AC5C-023D22939999}.Release|x64.ActiveCfg = Release|x64
		{533D0B18-9DD0-4B2E-AC5C-023D22939999}.Release|x64.Build.0 = Release|x64
		{533D0B18-9DD0-4B2E-AC5C-023D22939999}.Release|x86.ActiveCfg = Release|x86
		{533D0B18-9DD0-4B2E-AC5C-023D22939999}.Release|x86.Build.0 = Release|x86
	EndGlobalSection
	GlobalSection(SolutionProperties) = preSolution
		HideSolutionNode = FALSE
	EndGlobalSection
	GlobalSection(ExtensibilityGlobals) = postSolution
		SolutionGuid = {00E5126C-48E4-4821-A232-0C41D1DAC91A}
	EndGlobalSection
EndGlobal
